
Microsoft Visual Studio Solution File, Format Version 12.00
# Visual Studio Version 17
VisualStudioVersion = 17.13.35919.96 d17.13
MinimumVisualStudioVersion = 10.0.40219.1
Project("{FAE04EC0-301F-11D3-BF4B-00C04F79EFBC}") = "HangFireBgService.WorkerService", "HangFireBgService.WorkerService\HangFireBgService.WorkerService.csproj", "{97328BE3-FA51-4127-AA8C-86E8EFE3F4C3}"
EndProject
Global
	GlobalSection(SolutionConfigurationPlatforms) = preSolution
		Debug|Any CPU = Debug|Any CPU
		Release|Any CPU = Release|Any CPU
	EndGlobalSection
	GlobalSection(ProjectConfigurationPlatforms) = postSolution
		{97328BE3-FA51-4127-AA8C-86E8EFE3F4C3}.Debug|Any CPU.ActiveCfg = Debug|Any CPU
		{97328BE3-FA51-4127-AA8C-86E8EFE3F4C3}.Debug|Any CPU.Build.0 = Debug|Any CPU
		{97328BE3-FA51-4127-AA8C-86E8EFE3F4C3}.Release|Any CPU.ActiveCfg = Release|Any CPU
		{97328BE3-FA51-4127-AA8C-86E8EFE3F4C3}.Release|Any CPU.Build.0 = Release|Any CPU
	EndGlobalSection
	GlobalSection(SolutionProperties) = preSolution
		HideSolutionNode = FALSE
	EndGlobalSection
	GlobalSection(ExtensibilityGlobals) = postSolution
		SolutionGuid = {E5345D18-130B-49CB-B4D8-1130225823C6}
	EndGlobalSection
EndGlobal
